
Microsoft Visual Studio Solution File, Format Version 12.00
# Visual Studio Version 17
VisualStudioVersion = 17.5.002.0
MinimumVisualStudioVersion = 10.0.40219.1
Project("{2150E333-8FDC-42A3-9474-1A3956D46DE8}") = "prepare", "prepare", "{C8AC031A-C127-4409-AE7C-8997403A10D2}"
EndProject
Project("{9A19103F-16F7-4668-BE54-9A1E7A4F7556}") = "Learning02", "prepare\Learning02\Learning02.csproj", "{A34732A5-5CD4-4116-948E-80E2A6B46E21}"
EndProject
Project("{9A19103F-16F7-4668-BE54-9A1E7A4F7556}") = "Learning05", "prepare\Learning05\Learning05.csproj", "{F9265252-A6B9-4219-9CEC-13E68FFC7BB5}"
EndProject
Project("{9A19103F-16F7-4668-BE54-9A1E7A4F7556}") = "Learning04", "prepare\Learning04\Learning04.csproj", "{634E809A-A1F7-44AB-9575-FA689364BD52}"
EndProject
Project("{9A19103F-16F7-4668-BE54-9A1E7A4F7556}") = "Learning03", "prepare\Learning03\Learning03.csproj", "{FDF6739A-D8DF-46A0-BBB7-1F717FE3441E}"
EndProject
Project("{2150E333-8FDC-42A3-9474-1A3956D46DE8}") = "prove", "prove", "{4514211F-ABD8-4588-B73A-D4959BB5C60A}"
EndProject
Project("{9A19103F-16F7-4668-BE54-9A1E7A4F7556}") = "Develop03", "prove\Develop03\Develop03.csproj", "{EA87F612-0128-4A7A-BB3D-85F4EC6E27EF}"
EndProject
Project("{9A19103F-16F7-4668-BE54-9A1E7A4F7556}") = "Develop04", "prove\Develop04\Develop04.csproj", "{FB30C4B2-EB16-4957-9979-996AA2345B26}"
EndProject
Project("{9A19103F-16F7-4668-BE54-9A1E7A4F7556}") = "Develop05", "prove\Develop05\Develop05.csproj", "{A09CD8C7-52AB-48A8-957F-CA71D63097DC}"
EndProject
Project("{9A19103F-16F7-4668-BE54-9A1E7A4F7556}") = "Develop02", "prove\Develop02\Develop02.csproj", "{1D26E0DE-ED0C-4613-AF1F-A2507C34BE97}"
EndProject
Project("{2150E333-8FDC-42A3-9474-1A3956D46DE8}") = "sandbox", "sandbox", "{01B4806D-734A-495D-B5A1-90A492A2E4D7}"
EndProject
Project("{9A19103F-16F7-4668-BE54-9A1E7A4F7556}") = "Sandbox", "sandbox\Sandbox\Sandbox.csproj", "{B25E2533-7AFD-45A6-8151-547462968188}"
EndProject
Project("{2150E333-8FDC-42A3-9474-1A3956D46DE8}") = "final", "final", "{C76928C5-A0DA-4431-A84D-E64D67B89495}"
EndProject
Project("{9A19103F-16F7-4668-BE54-9A1E7A4F7556}") = "FinalProject", "final\FinalProject\FinalProject.csproj", "{D17DE616-3F69-4440-B48E-77911086ED4F}"
EndProject
Project("{9A19103F-16F7-4668-BE54-9A1E7A4F7556}") = "Foundation1", "final\Foundation1\Foundation1.csproj", "{FC2AEFC1-BAB5-4311-820C-F4493C923A71}"
EndProject
Project("{9A19103F-16F7-4668-BE54-9A1E7A4F7556}") = "Foundation4", "final\Foundation4\Foundation4.csproj", "{1F180298-C742-4542-AB97-97F336F247FB}"
EndProject
Project("{9A19103F-16F7-4668-BE54-9A1E7A4F7556}") = "Foundation3", "final\Foundation3\Foundation3.csproj", "{19146687-5017-4559-A63A-C059D65C4F7A}"
EndProject
Project("{9A19103F-16F7-4668-BE54-9A1E7A4F7556}") = "Foundation2", "final\Foundation2\Foundation2.csproj", "{17A9CD78-7041-405F-BEAA-E8ED6EC68D36}"
EndProject
Project("{2150E333-8FDC-42A3-9474-1A3956D46DE8}") = "csharp-prep", "csharp-prep", "{008CA9E2-1606-47CC-B606-CCB7D4986A4D}"
EndProject
Project("{9A19103F-16F7-4668-BE54-9A1E7A4F7556}") = "Prep1", "csharp-prep\Prep1\Prep1.csproj", "{D0AF5ED3-1B05-40C8-9DB2-E4DE925EC31E}"
EndProject
Project("{9A19103F-16F7-4668-BE54-9A1E7A4F7556}") = "Prep5", "csharp-prep\Prep5\Prep5.csproj", "{1EFFD0E5-48AF-4926-B772-1A4B19A30D03}"
EndProject
Project("{9A19103F-16F7-4668-BE54-9A1E7A4F7556}") = "Prep2", "csharp-prep\Prep2\Prep2.csproj", "{156DDDF0-A015-4275-9A5F-09CF3E0827D1}"
EndProject
Project("{9A19103F-16F7-4668-BE54-9A1E7A4F7556}") = "Prep3", "csharp-prep\Prep3\Prep3.csproj", "{BFD8A752-5ABC-4B6A-AD78-BC55943BD67B}"
EndProject
Project("{9A19103F-16F7-4668-BE54-9A1E7A4F7556}") = "Prep4", "csharp-prep\Prep4\Prep4.csproj", "{CBFFB800-5BD6-4640-BC23-239C4000E39D}"
EndProject
Global
	GlobalSection(SolutionConfigurationPlatforms) = preSolution
		Debug|Any CPU = Debug|Any CPU
		Release|Any CPU = Release|Any CPU
	EndGlobalSection
	GlobalSection(ProjectConfigurationPlatforms) = postSolution
		{A34732A5-5CD4-4116-948E-80E2A6B46E21}.Debug|Any CPU.ActiveCfg = Debug|Any CPU
		{A34732A5-5CD4-4116-948E-80E2A6B46E21}.Debug|Any CPU.Build.0 = Debug|Any CPU
		{A34732A5-5CD4-4116-948E-80E2A6B46E21}.Release|Any CPU.ActiveCfg = Release|Any CPU
		{A34732A5-5CD4-4116-948E-80E2A6B46E21}.Release|Any CPU.Build.0 = Release|Any CPU
		{F9265252-A6B9-4219-9CEC-13E68FFC7BB5}.Debug|Any CPU.ActiveCfg = Debug|Any CPU
		{F9265252-A6B9-4219-9CEC-13E68FFC7BB5}.Debug|Any CPU.Build.0 = Debug|Any CPU
		{F9265252-A6B9-4219-9CEC-13E68FFC7BB5}.Release|Any CPU.ActiveCfg = Release|Any CPU
		{F9265252-A6B9-4219-9CEC-13E68FFC7BB5}.Release|Any CPU.Build.0 = Release|Any CPU
		{634E809A-A1F7-44AB-9575-FA689364BD52}.Debug|Any CPU.ActiveCfg = Debug|Any CPU
		{634E809A-A1F7-44AB-9575-FA689364BD52}.Debug|Any CPU.Build.0 = Debug|Any CPU
		{634E809A-A1F7-44AB-9575-FA689364BD52}.Release|Any CPU.ActiveCfg = Release|Any CPU
		{634E809A-A1F7-44AB-9575-FA689364BD52}.Release|Any CPU.Build.0 = Release|Any CPU
		{FDF6739A-D8DF-46A0-BBB7-1F717FE3441E}.Debug|Any CPU.ActiveCfg = Debug|Any CPU
		{FDF6739A-D8DF-46A0-BBB7-1F717FE3441E}.Debug|Any CPU.Build.0 = Debug|Any CPU
		{FDF6739A-D8DF-46A0-BBB7-1F717FE3441E}.Release|Any CPU.ActiveCfg = Release|Any CPU
		{FDF6739A-D8DF-46A0-BBB7-1F717FE3441E}.Release|Any CPU.Build.0 = Release|Any CPU
		{EA87F612-0128-4A7A-BB3D-85F4EC6E27EF}.Debug|Any CPU.ActiveCfg = Debug|Any CPU
		{EA87F612-0128-4A7A-BB3D-85F4EC6E27EF}.Debug|Any CPU.Build.0 = Debug|Any CPU
		{EA87F612-0128-4A7A-BB3D-85F4EC6E27EF}.Release|Any CPU.ActiveCfg = Release|Any CPU
		{EA87F612-0128-4A7A-BB3D-85F4EC6E27EF}.Release|Any CPU.Build.0 = Release|Any CPU
		{FB30C4B2-EB16-4957-9979-996AA2345B26}.Debug|Any CPU.ActiveCfg = Debug|Any CPU
		{FB30C4B2-EB16-4957-9979-996AA2345B26}.Debug|Any CPU.Build.0 = Debug|Any CPU
		{FB30C4B2-EB16-4957-9979-996AA2345B26}.Release|Any CPU.ActiveCfg = Release|Any CPU
		{FB30C4B2-EB16-4957-9979-996AA2345B26}.Release|Any CPU.Build.0 = Release|Any CPU
		{A09CD8C7-52AB-48A8-957F-CA71D63097DC}.Debug|Any CPU.ActiveCfg = Debug|Any CPU
		{A09CD8C7-52AB-48A8-957F-CA71D63097DC}.Debug|Any CPU.Build.0 = Debug|Any CPU
		{A09CD8C7-52AB-48A8-957F-CA71D63097DC}.Release|Any CPU.ActiveCfg = Release|Any CPU
		{A09CD8C7-52AB-48A8-957F-CA71D63097DC}.Release|Any CPU.Build.0 = Release|Any CPU
		{1D26E0DE-ED0C-4613-AF1F-A2507C34BE97}.Debug|Any CPU.ActiveCfg = Debug|Any CPU
		{1D26E0DE-ED0C-4613-AF1F-A2507C34BE97}.Debug|Any CPU.Build.0 = Debug|Any CPU
		{1D26E0DE-ED0C-4613-AF1F-A2507C34BE97}.Release|Any CPU.ActiveCfg = Release|Any CPU
		{1D26E0DE-ED0C-4613-AF1F-A2507C34BE97}.Release|Any CPU.Build.0 = Release|Any CPU
		{B25E2533-7AFD-45A6-8151-547462968188}.Debug|Any CPU.ActiveCfg = Debug|Any CPU
		{B25E2533-7AFD-45A6-8151-547462968188}.Debug|Any CPU.Build.0 = Debug|Any CPU
		{B25E2533-7AFD-45A6-8151-547462968188}.Release|Any CPU.ActiveCfg = Release|Any CPU
		{B25E2533-7AFD-45A6-8151-547462968188}.Release|Any CPU.Build.0 = Release|Any CPU
		{D17DE616-3F69-4440-B48E-77911086ED4F}.Debug|Any CPU.ActiveCfg = Debug|Any CPU
		{D17DE616-3F69-4440-B48E-77911086ED4F}.Debug|Any CPU.Build.0 = Debug|Any CPU
		{D17DE616-3F69-4440-B48E-77911086ED4F}.Release|Any CPU.ActiveCfg = Release|Any CPU
		{D17DE616-3F69-4440-B48E-77911086ED4F}.Release|Any CPU.Build.0 = Release|Any CPU
		{FC2AEFC1-BAB5-4311-820C-F4493C923A71}.Debug|Any CPU.ActiveCfg = Debug|Any CPU
		{FC2AEFC1-BAB5-4311-820C-F4493C923A71}.Debug|Any CPU.Build.0 = Debug|Any CPU
		{FC2AEFC1-BAB5-4311-820C-F4493C923A71}.Release|Any CPU.ActiveCfg = Release|Any CPU
		{FC2AEFC1-BAB5-4311-820C-F4493C923A71}.Release|Any CPU.Build.0 = Release|Any CPU
		{1F180298-C742-4542-AB97-97F336F247FB}.Debug|Any CPU.ActiveCfg = Debug|Any CPU
		{1F180298-C742-4542-AB97-97F336F247FB}.Debug|Any CPU.Build.0 = Debug|Any CPU
		{1F180298-C742-4542-AB97-97F336F247FB}.Release|Any CPU.ActiveCfg = Release|Any CPU
		{1F180298-C742-4542-AB97-97F336F247FB}.Release|Any CPU.Build.0 = Release|Any CPU
		{19146687-5017-4559-A63A-C059D65C4F7A}.Debug|Any CPU.ActiveCfg = Debug|Any CPU
		{19146687-5017-4559-A63A-C059D65C4F7A}.Debug|Any CPU.Build.0 = Debug|Any CPU
		{19146687-5017-4559-A63A-C059D65C4F7A}.Release|Any CPU.ActiveCfg = Release|Any CPU
		{19146687-5017-4559-A63A-C059D65C4F7A}.Release|Any CPU.Build.0 = Release|Any CPU
		{17A9CD78-7041-405F-BEAA-E8ED6EC68D36}.Debug|Any CPU.ActiveCfg = Debug|Any CPU
		{17A9CD78-7041-405F-BEAA-E8ED6EC68D36}.Debug|Any CPU.Build.0 = Debug|Any CPU
		{17A9CD78-7041-405F-BEAA-E8ED6EC68D36}.Release|Any CPU.ActiveCfg = Release|Any CPU
		{17A9CD78-7041-405F-BEAA-E8ED6EC68D36}.Release|Any CPU.Build.0 = Release|Any CPU
		{D0AF5ED3-1B05-40C8-9DB2-E4DE925EC31E}.Debug|Any CPU.ActiveCfg = Debug|Any CPU
		{D0AF5ED3-1B05-40C8-9DB2-E4DE925EC31E}.Debug|Any CPU.Build.0 = Debug|Any CPU
		{D0AF5ED3-1B05-40C8-9DB2-E4DE925EC31E}.Release|Any CPU.ActiveCfg = Release|Any CPU
		{D0AF5ED3-1B05-40C8-9DB2-E4DE925EC31E}.Release|Any CPU.Build.0 = Release|Any CPU
		{1EFFD0E5-48AF-4926-B772-1A4B19A30D03}.Debug|Any CPU.ActiveCfg = Debug|Any CPU
		{1EFFD0E5-48AF-4926-B772-1A4B19A30D03}.Debug|Any CPU.Build.0 = Debug|Any CPU
		{1EFFD0E5-48AF-4926-B772-1A4B19A30D03}.Release|Any CPU.ActiveCfg = Release|Any CPU
		{1EFFD0E5-48AF-4926-B772-1A4B19A30D03}.Release|Any CPU.Build.0 = Release|Any CPU
		{156DDDF0-A015-4275-9A5F-09CF3E0827D1}.Debug|Any CPU.ActiveCfg = Debug|Any CPU
		{156DDDF0-A015-4275-9A5F-09CF3E0827D1}.Debug|Any CPU.Build.0 = Debug|Any CPU
		{156DDDF0-A015-4275-9A5F-09CF3E0827D1}.Release|Any CPU.ActiveCfg = Release|Any CPU
		{156DDDF0-A015-4275-9A5F-09CF3E0827D1}.Release|Any CPU.Build.0 = Release|Any CPU
		{BFD8A752-5ABC-4B6A-AD78-BC55943BD67B}.Debug|Any CPU.ActiveCfg = Debug|Any CPU
		{BFD8A752-5ABC-4B6A-AD78-BC55943BD67B}.Debug|Any CPU.Build.0 = Debug|Any CPU
		{BFD8A752-5ABC-4B6A-AD78-BC55943BD67B}.Release|Any CPU.ActiveCfg = Release|Any CPU
		{BFD8A752-5ABC-4B6A-AD78-BC55943BD67B}.Release|Any CPU.Build.0 = Release|Any CPU
		{CBFFB800-5BD6-4640-BC23-239C4000E39D}.Debug|Any CPU.ActiveCfg = Debug|Any CPU
		{CBFFB800-5BD6-4640-BC23-239C4000E39D}.Debug|Any CPU.Build.0 = Debug|Any CPU
		{CBFFB800-5BD6-4640-BC23-239C4000E39D}.Release|Any CPU.ActiveCfg = Release|Any CPU
		{CBFFB800-5BD6-4640-BC23-239C4000E39D}.Release|Any CPU.Build.0 = Release|Any CPU
	EndGlobalSection
	GlobalSection(SolutionProperties) = preSolution
		HideSolutionNode = FALSE
	EndGlobalSection
	GlobalSection(NestedProjects) = preSolution
		{A34732A5-5CD4-4116-948E-80E2A6B46E21} = {C8AC031A-C127-4409-AE7C-8997403A10D2}
		{F9265252-A6B9-4219-9CEC-13E68FFC7BB5} = {C8AC031A-C127-4409-AE7C-8997403A10D2}
		{634E809A-A1F7-44AB-9575-FA689364BD52} = {C8AC031A-C127-4409-AE7C-8997403A10D2}
		{FDF6739A-D8DF-46A0-BBB7-1F717FE3441E} = {C8AC031A-C127-4409-AE7C-8997403A10D2}
		{EA87F612-0128-4A7A-BB3D-85F4EC6E27EF} = {4514211F-ABD8-4588-B73A-D4959BB5C60A}
		{FB30C4B2-EB16-4957-9979-996AA2345B26} = {4514211F-ABD8-4588-B73A-D4959BB5C60A}
		{A09CD8C7-52AB-48A8-957F-CA71D63097DC} = {4514211F-ABD8-4588-B73A-D4959BB5C60A}
		{1D26E0DE-ED0C-4613-AF1F-A2507C34BE97} = {4514211F-ABD8-4588-B73A-D4959BB5C60A}
		{B25E2533-7AFD-45A6-8151-547462968188} = {01B4806D-734A-495D-B5A1-90A492A2E4D7}
		{D17DE616-3F69-4440-B48E-77911086ED4F} = {C76928C5-A0DA-4431-A84D-E64D67B89495}
		{FC2AEFC1-BAB5-4311-820C-F4493C923A71} = {C76928C5-A0DA-4431-A84D-E64D67B89495}
		{1F180298-C742-4542-AB97-97F336F247FB} = {C76928C5-A0DA-4431-A84D-E64D67B89495}
		{19146687-5017-4559-A63A-C059D65C4F7A} = {C76928C5-A0DA-4431-A84D-E64D67B89495}
		{17A9CD78-7041-405F-BEAA-E8ED6EC68D36} = {C76928C5-A0DA-4431-A84D-E64D67B89495}
		{D0AF5ED3-1B05-40C8-9DB2-E4DE925EC31E} = {008CA9E2-1606-47CC-B606-CCB7D4986A4D}
		{1EFFD0E5-48AF-4926-B772-1A4B19A30D03} = {008CA9E2-1606-47CC-B606-CCB7D4986A4D}
		{156DDDF0-A015-4275-9A5F-09CF3E0827D1} = {008CA9E2-1606-47CC-B606-CCB7D4986A4D}
		{BFD8A752-5ABC-4B6A-AD78-BC55943BD67B} = {008CA9E2-1606-47CC-B606-CCB7D4986A4D}
		{CBFFB800-5BD6-4640-BC23-239C4000E39D} = {008CA9E2-1606-47CC-B606-CCB7D4986A4D}
	EndGlobalSection
	GlobalSection(ExtensibilityGlobals) = postSolution
		SolutionGuid = {EE127235-E372-4047-AB13-364C1302AF5D}
	EndGlobalSection
EndGlobal
